// !$*UTF8*$!
{
	archiveVersion = 1;
	classes = {
	};
	objectVersion = 50;
	objects = {

/* Begin PBXBuildFile section */
		DAFF33A424020DF200D9542A /* AppDelegate.swift in Sources */ = {isa = PBXBuildFile; fileRef = DAFF33A324020DF200D9542A /* AppDelegate.swift */; };
		DAFF33A624020DF200D9542A /* SceneDelegate.swift in Sources */ = {isa = PBXBuildFile; fileRef = DAFF33A524020DF200D9542A /* SceneDelegate.swift */; };
		DAFF33A824020DF200D9542A /* ViewController.swift in Sources */ = {isa = PBXBuildFile; fileRef = DAFF33A724020DF200D9542A /* ViewController.swift */; };
		DAFF33AB24020DF200D9542A /* Main.storyboard in Resources */ = {isa = PBXBuildFile; fileRef = DAFF33A924020DF200D9542A /* Main.storyboard */; };
		DAFF33AD24020DF300D9542A /* Assets.xcassets in Resources */ = {isa = PBXBuildFile; fileRef = DAFF33AC24020DF300D9542A /* Assets.xcassets */; };
		DAFF33B024020DF300D9542A /* LaunchScreen.storyboard in Resources */ = {isa = PBXBuildFile; fileRef = DAFF33AE24020DF300D9542A /* LaunchScreen.storyboard */; };
		DAFF33BB24020DF300D9542A /* ParstagramTests.swift in Sources */ = {isa = PBXBuildFile; fileRef = DAFF33BA24020DF300D9542A /* ParstagramTests.swift */; };
		DAFF33C624020DF300D9542A /* ParstagramUITests.swift in Sources */ = {isa = PBXBuildFile; fileRef = DAFF33C524020DF300D9542A /* ParstagramUITests.swift */; };
/* End PBXBuildFile section */

/* Begin PBXContainerItemProxy section */
		DAFF33B724020DF300D9542A /* PBXContainerItemProxy */ = {
			isa = PBXContainerItemProxy;
			containerPortal = DAFF339824020DF200D9542A /* Project object */;
			proxyType = 1;
			remoteGlobalIDString = DAFF339F24020DF200D9542A;
			remoteInfo = Parstagram;
		};
		DAFF33C224020DF300D9542A /* PBXContainerItemProxy */ = {
			isa = PBXContainerItemProxy;
			containerPortal = DAFF339824020DF200D9542A /* Project object */;
			proxyType = 1;
			remoteGlobalIDString = DAFF339F24020DF200D9542A;
			remoteInfo = Parstagram;
		};
/* End PBXContainerItemProxy section */

/* Begin PBXFileReference section */
		DAFF33A024020DF200D9542A /* Parstagram.app */ = {isa = PBXFileReference; explicitFileType = wrapper.application; includeInIndex = 0; path = Parstagram.app; sourceTree = BUILT_PRODUCTS_DIR; };
		DAFF33A324020DF200D9542A /* AppDelegate.swift */ = {isa = PBXFileReference; lastKnownFileType = sourcecode.swift; path = AppDelegate.swift; sourceTree = "<group>"; };
		DAFF33A524020DF200D9542A /* SceneDelegate.swift */ = {isa = PBXFileReference; lastKnownFileType = sourcecode.swift; path = SceneDelegate.swift; sourceTree = "<group>"; };
		DAFF33A724020DF200D9542A /* ViewController.swift */ = {isa = PBXFileReference; lastKnownFileType = sourcecode.swift; path = ViewController.swift; sourceTree = "<group>"; };
		DAFF33AA24020DF200D9542A /* Base */ = {isa = PBXFileReference; lastKnownFileType = file.storyboard; name = Base; path = Base.lproj/Main.storyboard; sourceTree = "<group>"; };
		DAFF33AC24020DF300D9542A /* Assets.xcassets */ = {isa = PBXFileReference; lastKnownFileType = folder.assetcatalog; path = Assets.xcassets; sourceTree = "<group>"; };
		DAFF33AF24020DF300D9542A /* Base */ = {isa = PBXFileReference; lastKnownFileType = file.storyboard; name = Base; path = Base.lproj/LaunchScreen.storyboard; sourceTree = "<group>"; };
		DAFF33B124020DF300D9542A /* Info.plist */ = {isa = PBXFileReference; lastKnownFileType = text.plist.xml; path = Info.plist; sourceTree = "<group>"; };
		DAFF33B624020DF300D9542A /* ParstagramTests.xctest */ = {isa = PBXFileReference; explicitFileType = wrapper.cfbundle; includeInIndex = 0; path = ParstagramTests.xctest; sourceTree = BUILT_PRODUCTS_DIR; };
		DAFF33BA24020DF300D9542A /* ParstagramTests.swift */ = {isa = PBXFileReference; lastKnownFileType = sourcecode.swift; path = ParstagramTests.swift; sourceTree = "<group>"; };
		DAFF33BC24020DF300D9542A /* Info.plist */ = {isa = PBXFileReference; lastKnownFileType = text.plist.xml; path = Info.plist; sourceTree = "<group>"; };
		DAFF33C124020DF300D9542A /* ParstagramUITests.xctest */ = {isa = PBXFileReference; explicitFileType = wrapper.cfbundle; includeInIndex = 0; path = ParstagramUITests.xctest; sourceTree = BUILT_PRODUCTS_DIR; };
		DAFF33C524020DF300D9542A /* ParstagramUITests.swift */ = {isa = PBXFileReference; lastKnownFileType = sourcecode.swift; path = ParstagramUITests.swift; sourceTree = "<group>"; };
		DAFF33C724020DF300D9542A /* Info.plist */ = {isa = PBXFileReference; lastKnownFileType = text.plist.xml; path = Info.plist; sourceTree = "<group>"; };
/* End PBXFileReference section */

/* Begin PBXFrameworksBuildPhase section */
		DAFF339D24020DF200D9542A /* Frameworks */ = {
			isa = PBXFrameworksBuildPhase;
			buildActionMask = 2147483647;
			files = (
			);
			runOnlyForDeploymentPostprocessing = 0;
		};
		DAFF33B324020DF300D9542A /* Frameworks */ = {
			isa = PBXFrameworksBuildPhase;
			buildActionMask = 2147483647;
			files = (
			);
			runOnlyForDeploymentPostprocessing = 0;
		};
		DAFF33BE24020DF300D9542A /* Frameworks */ = {
			isa = PBXFrameworksBuildPhase;
			buildActionMask = 2147483647;
			files = (
			);
			runOnlyForDeploymentPostprocessing = 0;
		};
/* End PBXFrameworksBuildPhase section */

/* Begin PBXGroup section */
		DAFF339724020DF200D9542A = {
			isa = PBXGroup;
			children = (
				DAFF33A224020DF200D9542A /* Parstagram */,
				DAFF33B924020DF300D9542A /* ParstagramTests */,
				DAFF33C424020DF300D9542A /* ParstagramUITests */,
				DAFF33A124020DF200D9542A /* Products */,
			);
			sourceTree = "<group>";
		};
		DAFF33A124020DF200D9542A /* Products */ = {
			isa = PBXGroup;
			children = (
				DAFF33A024020DF200D9542A /* Parstagram.app */,
				DAFF33B624020DF300D9542A /* ParstagramTests.xctest */,
				DAFF33C124020DF300D9542A /* ParstagramUITests.xctest */,
			);
			name = Products;
			sourceTree = "<group>";
		};
		DAFF33A224020DF200D9542A /* Parstagram */ = {
			isa = PBXGroup;
			children = (
				DAFF33A324020DF200D9542A /* AppDelegate.swift */,
				DAFF33A524020DF200D9542A /* SceneDelegate.swift */,
				DAFF33A724020DF200D9542A /* ViewController.swift */,
				DAFF33A924020DF200D9542A /* Main.storyboard */,
				DAFF33AC24020DF300D9542A /* Assets.xcassets */,
				DAFF33AE24020DF300D9542A /* LaunchScreen.storyboard */,
				DAFF33B124020DF300D9542A /* Info.plist */,
			);
			path = Parstagram;
			sourceTree = "<group>";
		};
		DAFF33B924020DF300D9542A /* ParstagramTests */ = {
			isa = PBXGroup;
			children = (
				DAFF33BA24020DF300D9542A /* ParstagramTests.swift */,
				DAFF33BC24020DF300D9542A /* Info.plist */,
			);
			path = ParstagramTests;
			sourceTree = "<group>";
		};
		DAFF33C424020DF300D9542A /* ParstagramUITests */ = {
			isa = PBXGroup;
			children = (
				DAFF33C524020DF300D9542A /* ParstagramUITests.swift */,
				DAFF33C724020DF300D9542A /* Info.plist */,
			);
			path = ParstagramUITests;
			sourceTree = "<group>";
		};
/* End PBXGroup section */

/* Begin PBXNativeTarget section */
		DAFF339F24020DF200D9542A /* Parstagram */ = {
			isa = PBXNativeTarget;
			buildConfigurationList = DAFF33CA24020DF300D9542A /* Build configuration list for PBXNativeTarget "Parstagram" */;
			buildPhases = (
				DAFF339C24020DF200D9542A /* Sources */,
				DAFF339D24020DF200D9542A /* Frameworks */,
				DAFF339E24020DF200D9542A /* Resources */,
			);
			buildRules = (
			);
			dependencies = (
			);
			name = Parstagram;
			productName = Parstagram;
			productReference = DAFF33A024020DF200D9542A /* Parstagram.app */;
			productType = "com.apple.product-type.application";
		};
		DAFF33B524020DF300D9542A /* ParstagramTests */ = {
			isa = PBXNativeTarget;
			buildConfigurationList = DAFF33CD24020DF300D9542A /* Build configuration list for PBXNativeTarget "ParstagramTests" */;
			buildPhases = (
				DAFF33B224020DF300D9542A /* Sources */,
				DAFF33B324020DF300D9542A /* Frameworks */,
				DAFF33B424020DF300D9542A /* Resources */,
			);
			buildRules = (
			);
			dependencies = (
				DAFF33B824020DF300D9542A /* PBXTargetDependency */,
			);
			name = ParstagramTests;
			productName = ParstagramTests;
			productReference = DAFF33B624020DF300D9542A /* ParstagramTests.xctest */;
			productType = "com.apple.product-type.bundle.unit-test";
		};
		DAFF33C024020DF300D9542A /* ParstagramUITests */ = {
			isa = PBXNativeTarget;
			buildConfigurationList = DAFF33D024020DF300D9542A /* Build configuration list for PBXNativeTarget "ParstagramUITests" */;
			buildPhases = (
				DAFF33BD24020DF300D9542A /* Sources */,
				DAFF33BE24020DF300D9542A /* Frameworks */,
				DAFF33BF24020DF300D9542A /* Resources */,
			);
			buildRules = (
			);
			dependencies = (
				DAFF33C324020DF300D9542A /* PBXTargetDependency */,
			);
			name = ParstagramUITests;
			productName = ParstagramUITests;
			productReference = DAFF33C124020DF300D9542A /* ParstagramUITests.xctest */;
			productType = "com.apple.product-type.bundle.ui-testing";
		};
/* End PBXNativeTarget section */

/* Begin PBXProject section */
		DAFF339824020DF200D9542A /* Project object */ = {
			isa = PBXProject;
			attributes = {
				LastSwiftUpdateCheck = 1130;
				LastUpgradeCheck = 1130;
				ORGANIZATIONNAME = "Prahlad Anand";
				TargetAttributes = {
					DAFF339F24020DF200D9542A = {
						CreatedOnToolsVersion = 11.3;
					};
					DAFF33B524020DF300D9542A = {
						CreatedOnToolsVersion = 11.3;
						TestTargetID = DAFF339F24020DF200D9542A;
					};
					DAFF33C024020DF300D9542A = {
						CreatedOnToolsVersion = 11.3;
						TestTargetID = DAFF339F24020DF200D9542A;
					};
				};
			};
			buildConfigurationList = DAFF339B24020DF200D9542A /* Build configuration list for PBXProject "Parstagram" */;
			compatibilityVersion = "Xcode 9.3";
			developmentRegion = en;
			hasScannedForEncodings = 0;
			knownRegions = (
				en,
				Base,
			);
			mainGroup = DAFF339724020DF200D9542A;
			productRefGroup = DAFF33A124020DF200D9542A /* Products */;
			projectDirPath = "";
			projectRoot = "";
			targets = (
				DAFF339F24020DF200D9542A /* Parstagram */,
				DAFF33B524020DF300D9542A /* ParstagramTests */,
				DAFF33C024020DF300D9542A /* ParstagramUITests */,
			);
		};
/* End PBXProject section */

/* Begin PBXResourcesBuildPhase section */
		DAFF339E24020DF200D9542A /* Resources */ = {
			isa = PBXResourcesBuildPhase;
			buildActionMask = 2147483647;
			files = (
				DAFF33B024020DF300D9542A /* LaunchScreen.storyboard in Resources */,
				DAFF33AD24020DF300D9542A /* Assets.xcassets in Resources */,
				DAFF33AB24020DF200D9542A /* Main.storyboard in Resources */,
			);
			runOnlyForDeploymentPostprocessing = 0;
		};
		DAFF33B424020DF300D9542A /* Resources */ = {
			isa = PBXResourcesBuildPhase;
			buildActionMask = 2147483647;
			files = (
			);
			runOnlyForDeploymentPostprocessing = 0;
		};
		DAFF33BF24020DF300D9542A /* Resources */ = {
			isa = PBXResourcesBuildPhase;
			buildActionMask = 2147483647;
			files = (
			);
			runOnlyForDeploymentPostprocessing = 0;
		};
/* End PBXResourcesBuildPhase section */

/* Begin PBXSourcesBuildPhase section */
		DAFF339C24020DF200D9542A /* Sources */ = {
			isa = PBXSourcesBuildPhase;
			buildActionMask = 2147483647;
			files = (
				DAFF33A824020DF200D9542A /* ViewController.swift in Sources */,
				DAFF33A424020DF200D9542A /* AppDelegate.swift in Sources */,
				DAFF33A624020DF200D9542A /* SceneDelegate.swift in Sources */,
			);
			runOnlyForDeploymentPostprocessing = 0;
		};
		DAFF33B224020DF300D9542A /* Sources */ = {
			isa = PBXSourcesBuildPhase;
			buildActionMask = 2147483647;
			files = (
				DAFF33BB24020DF300D9542A /* ParstagramTests.swift in Sources */,
			);
			runOnlyForDeploymentPostprocessing = 0;
		};
		DAFF33BD24020DF300D9542A /* Sources */ = {
			isa = PBXSourcesBuildPhase;
			buildActionMask = 2147483647;
			files = (
				DAFF33C624020DF300D9542A /* ParstagramUITests.swift in Sources */,
			);
			runOnlyForDeploymentPostprocessing = 0;
		};
/* End PBXSourcesBuildPhase section */

/* Begin PBXTargetDependency section */
		DAFF33B824020DF300D9542A /* PBXTargetDependency */ = {
			isa = PBXTargetDependency;
			target = DAFF339F24020DF200D9542A /* Parstagram */;
			targetProxy = DAFF33B724020DF300D9542A /* PBXContainerItemProxy */;
		};
		DAFF33C324020DF300D9542A /* PBXTargetDependency */ = {
			isa = PBXTargetDependency;
			target = DAFF339F24020DF200D9542A /* Parstagram */;
			targetProxy = DAFF33C224020DF300D9542A /* PBXContainerItemProxy */;
		};
/* End PBXTargetDependency section */

/* Begin PBXVariantGroup section */
		DAFF33A924020DF200D9542A /* Main.storyboard */ = {
			isa = PBXVariantGroup;
			children = (
				DAFF33AA24020DF200D9542A /* Base */,
			);
			name = Main.storyboard;
			sourceTree = "<group>";
		};
		DAFF33AE24020DF300D9542A /* LaunchScreen.storyboard */ = {
			isa = PBXVariantGroup;
			children = (
				DAFF33AF24020DF300D9542A /* Base */,
			);
			name = LaunchScreen.storyboard;
			sourceTree = "<group>";
		};
/* End PBXVariantGroup section */

/* Begin XCBuildConfiguration section */
		DAFF33C824020DF300D9542A /* Debug */ = {
			isa = XCBuildConfiguration;
			buildSettings = {
				ALWAYS_SEARCH_USER_PATHS = NO;
				CLANG_ANALYZER_NONNULL = YES;
				CLANG_ANALYZER_NUMBER_OBJECT_CONVERSION = YES_AGGRESSIVE;
				CLANG_CXX_LANGUAGE_STANDARD = "gnu++14";
				CLANG_CXX_LIBRARY = "libc++";
				CLANG_ENABLE_MODULES = YES;
				CLANG_ENABLE_OBJC_ARC = YES;
				CLANG_ENABLE_OBJC_WEAK = YES;
				CLANG_WARN_BLOCK_CAPTURE_AUTORELEASING = YES;
				CLANG_WARN_BOOL_CONVERSION = YES;
				CLANG_WARN_COMMA = YES;
				CLANG_WARN_CONSTANT_CONVERSION = YES;
				CLANG_WARN_DEPRECATED_OBJC_IMPLEMENTATIONS = YES;
				CLANG_WARN_DIRECT_OBJC_ISA_USAGE = YES_ERROR;
				CLANG_WARN_DOCUMENTATION_COMMENTS = YES;
				CLANG_WARN_EMPTY_BODY = YES;
				CLANG_WARN_ENUM_CONVERSION = YES;
				CLANG_WARN_INFINITE_RECURSION = YES;
				CLANG_WARN_INT_CONVERSION = YES;
				CLANG_WARN_NON_LITERAL_NULL_CONVERSION = YES;
				CLANG_WARN_OBJC_IMPLICIT_RETAIN_SELF = YES;
				CLANG_WARN_OBJC_LITERAL_CONVERSION = YES;
				CLANG_WARN_OBJC_ROOT_CLASS = YES_ERROR;
				CLANG_WARN_RANGE_LOOP_ANALYSIS = YES;
				CLANG_WARN_STRICT_PROTOTYPES = YES;
				CLANG_WARN_SUSPICIOUS_MOVE = YES;
				CLANG_WARN_UNGUARDED_AVAILABILITY = YES_AGGRESSIVE;
				CLANG_WARN_UNREACHABLE_CODE = YES;
				CLANG_WARN__DUPLICATE_METHOD_MATCH = YES;
				COPY_PHASE_STRIP = NO;
				DEBUG_INFORMATION_FORMAT = dwarf;
				ENABLE_STRICT_OBJC_MSGSEND = YES;
				ENABLE_TESTABILITY = YES;
				GCC_C_LANGUAGE_STANDARD = gnu11;
				GCC_DYNAMIC_NO_PIC = NO;
				GCC_NO_COMMON_BLOCKS = YES;
				GCC_OPTIMIZATION_LEVEL = 0;
				GCC_PREPROCESSOR_DEFINITIONS = (
					"DEBUG=1",
					"$(inherited)",
				);
				GCC_WARN_64_TO_32_BIT_CONVERSION = YES;
				GCC_WARN_ABOUT_RETURN_TYPE = YES_ERROR;
				GCC_WARN_UNDECLARED_SELECTOR = YES;
				GCC_WARN_UNINITIALIZED_AUTOS = YES_AGGRESSIVE;
				GCC_WARN_UNUSED_FUNCTION = YES;
				GCC_WARN_UNUSED_VARIABLE = YES;
				IPHONEOS_DEPLOYMENT_TARGET = 13.2;
				MTL_ENABLE_DEBUG_INFO = INCLUDE_SOURCE;
				MTL_FAST_MATH = YES;
				ONLY_ACTIVE_ARCH = YES;
				SDKROOT = iphoneos;
				SWIFT_ACTIVE_COMPILATION_CONDITIONS = DEBUG;
				SWIFT_OPTIMIZATION_LEVEL = "-Onone";
			};
			name = Debug;
		};
		DAFF33C924020DF300D9542A /* Release */ = {
			isa = XCBuildConfiguration;
			buildSettings = {
				ALWAYS_SEARCH_USER_PATHS = NO;
				CLANG_ANALYZER_NONNULL = YES;
				CLANG_ANALYZER_NUMBER_OBJECT_CONVERSION = YES_AGGRESSIVE;
				CLANG_CXX_LANGUAGE_STANDARD = "gnu++14";
				CLANG_CXX_LIBRARY = "libc++";
				CLANG_ENABLE_MODULES = YES;
				CLANG_ENABLE_OBJC_ARC = YES;
				CLANG_ENABLE_OBJC_WEAK = YES;
				CLANG_WARN_BLOCK_CAPTURE_AUTORELEASING = YES;
				CLANG_WARN_BOOL_CONVERSION = YES;
				CLANG_WARN_COMMA = YES;
				CLANG_WARN_CONSTANT_CONVERSION = YES;
				CLANG_WARN_DEPRECATED_OBJC_IMPLEMENTATIONS = YES;
				CLANG_WARN_DIRECT_OBJC_ISA_USAGE = YES_ERROR;
				CLANG_WARN_DOCUMENTATION_COMMENTS = YES;
				CLANG_WARN_EMPTY_BODY = YES;
				CLANG_WARN_ENUM_CONVERSION = YES;
				CLANG_WARN_INFINITE_RECURSION = YES;
				CLANG_WARN_INT_CONVERSION = YES;
				CLANG_WARN_NON_LITERAL_NULL_CONVERSION = YES;
				CLANG_WARN_OBJC_IMPLICIT_RETAIN_SELF = YES;
				CLANG_WARN_OBJC_LITERAL_CONVERSION = YES;
				CLANG_WARN_OBJC_ROOT_CLASS = YES_ERROR;
				CLANG_WARN_RANGE_LOOP_ANALYSIS = YES;
				CLANG_WARN_STRICT_PROTOTYPES = YES;
				CLANG_WARN_SUSPICIOUS_MOVE = YES;
				CLANG_WARN_UNGUARDED_AVAILABILITY = YES_AGGRESSIVE;
				CLANG_WARN_UNREACHABLE_CODE = YES;
				CLANG_WARN__DUPLICATE_METHOD_MATCH = YES;
				COPY_PHASE_STRIP = NO;
				DEBUG_INFORMATION_FORMAT = "dwarf-with-dsym";
				ENABLE_NS_ASSERTIONS = NO;
				ENABLE_STRICT_OBJC_MSGSEND = YES;
				GCC_C_LANGUAGE_STANDARD = gnu11;
				GCC_NO_COMMON_BLOCKS = YES;
				GCC_WARN_64_TO_32_BIT_CONVERSION = YES;
				GCC_WARN_ABOUT_RETURN_TYPE = YES_ERROR;
				GCC_WARN_UNDECLARED_SELECTOR = YES;
				GCC_WARN_UNINITIALIZED_AUTOS = YES_AGGRESSIVE;
				GCC_WARN_UNUSED_FUNCTION = YES;
				GCC_WARN_UNUSED_VARIABLE = YES;
				IPHONEOS_DEPLOYMENT_TARGET = 13.2;
				MTL_ENABLE_DEBUG_INFO = NO;
				MTL_FAST_MATH = YES;
				SDKROOT = iphoneos;
				SWIFT_COMPILATION_MODE = wholemodule;
				SWIFT_OPTIMIZATION_LEVEL = "-O";
				VALIDATE_PRODUCT = YES;
			};
			name = Release;
		};
		DAFF33CB24020DF300D9542A /* Debug */ = {
			isa = XCBuildConfiguration;
			buildSettings = {
				ASSETCATALOG_COMPILER_APPICON_NAME = AppIcon;
				CODE_SIGN_STYLE = Automatic;
				INFOPLIST_FILE = Parstagram/Info.plist;
				LD_RUNPATH_SEARCH_PATHS = (
					"$(inherited)",
					"@executable_path/Frameworks",
				);
				PRODUCT_BUNDLE_IDENTIFIER = CS490.Parstagram;
				PRODUCT_NAME = "$(TARGET_NAME)";
				SWIFT_VERSION = 5.0;
				TARGETED_DEVICE_FAMILY = "1,2";
			};
			name = Debug;
		};
		DAFF33CC24020DF300D9542A /* Release */ = {
			isa = XCBuildConfiguration;
			buildSettings = {
				ASSETCATALOG_COMPILER_APPICON_NAME = AppIcon;
				CODE_SIGN_STYLE = Automatic;
				INFOPLIST_FILE = Parstagram/Info.plist;
				LD_RUNPATH_SEARCH_PATHS = (
					"$(inherited)",
					"@executable_path/Frameworks",
				);
				PRODUCT_BUNDLE_IDENTIFIER = CS490.Parstagram;
				PRODUCT_NAME = "$(TARGET_NAME)";
				SWIFT_VERSION = 5.0;
				TARGETED_DEVICE_FAMILY = "1,2";
			};
			name = Release;
		};
		DAFF33CE24020DF300D9542A /* Debug */ = {
			isa = XCBuildConfiguration;
			buildSettings = {
				ALWAYS_EMBED_SWIFT_STANDARD_LIBRARIES = YES;
				BUNDLE_LOADER = "$(TEST_HOST)";
				CODE_SIGN_STYLE = Automatic;
				INFOPLIST_FILE = ParstagramTests/Info.plist;
				IPHONEOS_DEPLOYMENT_TARGET = 13.2;
				LD_RUNPATH_SEARCH_PATHS = (
					"$(inherited)",
					"@executable_path/Frameworks",
					"@loader_path/Frameworks",
				);
				PRODUCT_BUNDLE_IDENTIFIER = CS490.ParstagramTests;
				PRODUCT_NAME = "$(TARGET_NAME)";
				SWIFT_VERSION = 5.0;
				TARGETED_DEVICE_FAMILY = "1,2";
				TEST_HOST = "$(BUILT_PRODUCTS_DIR)/Parstagram.app/Parstagram";
			};
			name = Debug;
		};
		DAFF33CF24020DF300D9542A /* Release */ = {
			isa = XCBuildConfiguration;
			buildSettings = {
				ALWAYS_EMBED_SWIFT_STANDARD_LIBRARIES = YES;
				BUNDLE_LOADER = "$(TEST_HOST)";
				CODE_SIGN_STYLE = Automatic;
				INFOPLIST_FILE = ParstagramTests/Info.plist;
				IPHONEOS_DEPLOYMENT_TARGET = 13.2;
				LD_RUNPATH_SEARCH_PATHS = (
					"$(inherited)",
					"@executable_path/Frameworks",
					"@loader_path/Frameworks",
				);
				PRODUCT_BUNDLE_IDENTIFIER = CS490.ParstagramTests;
				PRODUCT_NAME = "$(TARGET_NAME)";
				SWIFT_VERSION = 5.0;
				TARGETED_DEVICE_FAMILY = "1,2";
				TEST_HOST = "$(BUILT_PRODUCTS_DIR)/Parstagram.app/Parstagram";
			};
			name = Release;
		};
		DAFF33D124020DF300D9542A /* Debug */ = {
			isa = XCBuildConfiguration;
			buildSettings = {
				ALWAYS_EMBED_SWIFT_STANDARD_LIBRARIES = YES;
				CODE_SIGN_STYLE = Automatic;
				INFOPLIST_FILE = ParstagramUITests/Info.plist;
				LD_RUNPATH_SEARCH_PATHS = (
					"$(inherited)",
					"@executable_path/Frameworks",
					"@loader_path/Frameworks",
				);
				PRODUCT_BUNDLE_IDENTIFIER = CS490.ParstagramUITests;
				PRODUCT_NAME = "$(TARGET_NAME)";
				SWIFT_VERSION = 5.0;
				TARGETED_DEVICE_FAMILY = "1,2";
				TEST_TARGET_NAME = Parstagram;
			};
			name = Debug;
		};
		DAFF33D224020DF300D9542A /* Release */ = {
			isa = XCBuildConfiguration;
			buildSettings = {
				ALWAYS_EMBED_SWIFT_STANDARD_LIBRARIES = YES;
				CODE_SIGN_STYLE = Automatic;
				INFOPLIST_FILE = ParstagramUITests/Info.plist;
				LD_RUNPATH_SEARCH_PATHS = (
					"$(inherited)",
					"@executable_path/Frameworks",
					"@loader_path/Frameworks",
				);
				PRODUCT_BUNDLE_IDENTIFIER = CS490.ParstagramUITests;
				PRODUCT_NAME = "$(TARGET_NAME)";
				SWIFT_VERSION = 5.0;
				TARGETED_DEVICE_FAMILY = "1,2";
				TEST_TARGET_NAME = Parstagram;
			};
			name = Release;
		};
/* End XCBuildConfiguration section */

/* Begin XCConfigurationList section */
		DAFF339B24020DF200D9542A /* Build configuration list for PBXProject "Parstagram" */ = {
			isa = XCConfigurationList;
			buildConfigurations = (
				DAFF33C824020DF300D9542A /* Debug */,
				DAFF33C924020DF300D9542A /* Release */,
			);
			defaultConfigurationIsVisible = 0;
			defaultConfigurationName = Release;
		};
		DAFF33CA24020DF300D9542A /* Build configuration list for PBXNativeTarget "Parstagram" */ = {
			isa = XCConfigurationList;
			buildConfigurations = (
				DAFF33CB24020DF300D9542A /* Debug */,
				DAFF33CC24020DF300D9542A /* Release */,
			);
			defaultConfigurationIsVisible = 0;
			defaultConfigurationName = Release;
		};
		DAFF33CD24020DF300D9542A /* Build configuration list for PBXNativeTarget "ParstagramTests" */ = {
			isa = XCConfigurationList;
			buildConfigurations = (
				DAFF33CE24020DF300D9542A /* Debug */,
				DAFF33CF24020DF300D9542A /* Release */,
			);
			defaultConfigurationIsVisible = 0;
			defaultConfigurationName = Release;
		};
		DAFF33D024020DF300D9542A /* Build configuration list for PBXNativeTarget "ParstagramUITests" */ = {
			isa = XCConfigurationList;
			buildConfigurations = (
				DAFF33D124020DF300D9542A /* Debug */,
				DAFF33D224020DF300D9542A /* Release */,
			);
			defaultConfigurationIsVisible = 0;
			defaultConfigurationName = Release;
		};
/* End XCConfigurationList section */
	};
	rootObject = DAFF339824020DF200D9542A /* Project object */;
}
